github.com/bradfitz/gomemcache v0.0.0-20230905024940-24af94b03874 h1:LhNX5/WJWvLS8j0T9i5KjNt7v/h8pwq0oF6Y0x/1kH0=
github.com/bradfitz/gomemcache v0.0.0-20230905024940-24af94b03874/go.mod h1:FQn1f8vQ5X5v5F5Q5Q5Q5Q5Q5Q5Q5Q5Q5Q5Q5Q5Q5Q5Q=
github.com/karlseguin/ccache/v3 v3.0.0 h1:Q5Q5Q5Q5Q5Q5Q5Q5Q5Q5Q5Q5Q5Q5Q5Q5Q5Q5Q5Q5Q5Q5Q=
github.com/karlseguin/ccache/v3 v3.0.0/go.mod h1:Q5Q5Q5Q5Q5Q5Q5Q5Q5Q5Q5Q5Q5Q5Q5Q5Q5Q5Q5Q5Q5Q5Q=
github.com/streadway/amqp v1.1.0 h1:Q5Q5Q5Q5Q5Q5Q5Q5Q5Q5Q5Q5Q5Q5Q5Q5Q5Q5Q5Q5Q5Q5Q=
github.com/streadway/amqp v1.1.0/go.mod h1:Q5Q5Q5Q5Q5Q5Q5Q5Q5Q5Q5Q5Q5Q5Q5Q5Q5Q5Q5Q5Q5Q5Q=
go.mongodb.org/mongo-driver v1.13.1 h1:Q5Q5Q5Q5Q5Q5Q5Q5Q5Q5Q5Q5Q5Q5Q5Q5Q5Q5Q5Q5Q5Q5Q=
go.mongodb.org/mongo-driver v1.13.1/go.mod h1:Q5Q5Q5Q5Q5Q5Q5Q5Q5Q5Q5Q5Q5Q5Q5Q5Q5Q5Q5Q5Q5Q5Q=
github.com/golang/snappy v0.0.1 h1:Q5Q5Q5Q5Q5Q5Q5Q5Q5Q5Q5Q5Q5Q5Q5Q5Q5Q5Q5Q5Q5Q5Q=
github.com/golang/snappy v0.0.1/go.mod h1:Q5Q5Q5Q5Q5Q5Q5Q5Q5Q5Q5Q5Q5Q5Q5Q5Q5Q5Q5Q5Q5Q5Q=
github.com/klauspost/compress v1.13.6 h1:Q5Q5Q5Q5Q5Q5Q5Q5Q5Q5Q5Q5Q5Q5Q5Q5Q5Q5Q5Q5Q5Q5Q=
github.com/klauspost/compress v1.13.6/go.mod h1:Q5Q5Q5Q5Q5Q5Q5Q5Q5Q5Q5Q5Q5Q5Q5Q5Q5Q5Q5Q5Q5Q5Q=
github.com/montanaflynn/stats v0.0.0-20171201202039-1bf9dbcd8cbe h1:Q5Q5Q5Q5Q5Q5Q5Q5Q5Q5Q5Q5Q5Q5Q5Q5Q5Q5Q5Q5Q5Q5Q=
github.com/montanaflynn/stats v0.0.0-20171201202039-1bf9dbcd8cbe/go.mod h1:Q5Q5Q5Q5Q5Q5Q5Q5Q5Q5Q5Q5Q5Q5Q5Q5Q5Q5Q5Q5Q5Q5Q=
github.com/xdg-go/pbkdf2 v1.0.0 h1:Q5Q5Q5Q5Q5Q5Q5Q5Q5Q5Q5Q5Q5Q5Q5Q5Q5Q5Q5Q5Q5Q5Q=
github.com/xdg-go/pbkdf2 v1.0.0/go.mod h1:Q5Q5Q5Q5Q5Q5Q5Q5Q5Q5Q5Q5Q5Q5Q5Q5Q5Q5Q5Q5Q5Q5Q=
github.com/xdg-go/scram v1.1.2 h1:Q5Q5Q5Q5Q5Q5Q5Q5Q5Q5Q5Q5Q5Q5Q5Q5Q5Q5Q5Q5Q5Q5Q=
github.com/xdg-go/scram v1.1.2/go.mod h1:Q5Q5Q5Q5Q5Q5Q5Q5Q5Q5Q5Q5Q5Q5Q5Q5Q5Q5Q5Q5Q5Q5Q=
github.com/xdg-go/stringprep v1.0.4 h1:Q5Q5Q5Q5Q5Q5Q5Q5Q5Q5Q5Q5Q5Q5Q5Q5Q5Q5Q5Q5Q5Q5Q=
github.com/xdg-go/stringprep v1.0.4/go.mod h1:Q5Q5Q5Q5Q5Q5Q5Q5Q5Q5Q5Q5Q5Q5Q5Q5Q5Q5Q5Q5Q5Q5Q=
github.com/youmark/pkcs8 v0.0.0-20181117223130-1be2e3e5546d h1:Q5Q5Q5Q5Q5Q5Q5Q5Q5Q5Q5Q5Q5Q5Q5Q5Q5Q5Q5Q5Q5Q5Q=
github.com/youmark/pkcs8 v0.0.0-20181117223130-1be2e3e5546d/go.mod h1:Q5Q5Q5Q5Q5Q5Q5Q5Q5Q5Q5Q5Q5Q5Q5Q5Q5Q5Q5Q5Q5Q5Q=
golang.org/x/crypto v0.0.0-20220622213112-05595931fe9d h1:Q5Q5Q5Q5Q5Q5Q5Q5Q5Q5Q5Q5Q5Q5Q5Q5Q5Q5Q5Q5Q5Q5Q=
golang.org/x/crypto v0.0.0-20220622213112-05595931fe9d/go.mod h1:Q5Q5Q5Q5Q5Q5Q5Q5Q5Q5Q5Q5Q5Q5Q5Q5Q5Q5Q5Q5Q5Q5Q=
golang.org/x/sync v0.0.0-20220722155255-886fb9371eb4 h1:Q5Q5Q5Q5Q5Q5Q5Q5Q5Q5Q5Q5Q5Q5Q5Q5Q5Q5Q5Q5Q5Q5Q=
golang.org/x/sync v0.0.0-20220722155255-886fb9371eb4/go.mod h1:Q5Q5Q5Q5Q5Q5Q5Q5Q5Q5Q5Q5Q5Q5Q5Q5Q5Q5Q5Q5Q5Q5Q=
golang.org/x/text v0.7.0 h1:Q5Q5Q5Q5Q5Q5Q5Q5Q5Q5Q5Q5Q5Q5Q5Q5Q5Q5Q5Q5Q5Q5Q=
golang.org/x/text v0.7.0/go.mod h1:Q5Q5Q5Q5Q5Q5Q5Q5Q5Q5Q5Q5Q5Q5Q5Q5Q5Q5Q5Q5Q5Q5Q=

